<?xml version="1.0" encoding="utf-8"?>
<Project ToolsVersion="4.0" xmlns="http://schemas.microsoft.com/developer/msbuild/2003">
  <ItemGroup>
    <Filter Include="Source Files">
      <UniqueIdentifier>{c18f1921-6ffc-4c3e-9c30-d4fd37ed081c}</UniqueIdentifier>
      <Extensions>cpp;c;cxx;rc;def;r;odl;idl;hpj;bat</Extensions>
    </Filter>
    <Filter Include="Header Files">
      <UniqueIdentifier>{44e9cd5d-4116-4f69-b8ca-120e425c9ef6}</UniqueIdentifier>
      <Extensions>h;hpp;hxx;hm;inl</Extensions>
    </Filter>
    <Filter Include="Resource Files">
      <UniqueIdentifier>{43e18b7b-41f4-4162-8938-f49822d5729a}</UniqueIdentifier>
      <Extensions>ico;cur;bmp;dlg;rc2;rct;bin;rgs;gif;jpg;jpeg;jpe</Extensions>
    </Filter>
  </ItemGroup>
  <ItemGroup>
    <ClCompile Include="Burner.cpp">
      <Filter>Source Files</Filter>
    </ClCompile>
    <ClCompile Include="BurnerApp.cpp">
      <Filter>Source Files</Filter>
    </ClCompile>
    <ClCompile Include="BurnerDialog.cpp">
      <Filter>Source Files</Filter>
    </ClCompile>
    <ClCompile Include="ProgressDialog.cpp">
      <Filter>Source Files</Filter>
    </ClCompile>
    <ClCompile Include="StdAfx.cpp">
      <Filter>Source Files</Filter>
    </ClCompile>
  </ItemGroup>
  <ItemGroup>
    <ClInclude Include="Burner.h">
      <Filter>Header Files</Filter>
    </ClInclude>
    <ClInclude Include="BurnerApp.h">
      <Filter>Header Files</Filter>
    </ClInclude>
    <ClInclude Include="BurnerCallback.h">
      <Filter>Header Files</Filter>
    </ClInclude>
    <ClInclude Include="BurnerDialog.h">
      <Filter>Header Files</Filter>
    </ClInclude>
    <ClInclude Include="BurnerException.h">
      <Filter>Header Files</Filter>
    </ClInclude>
    <ClInclude Include="BurnerSettings.h">
      <Filter>Header Files</Filter>
    </ClInclude>
    <ClInclude Include="ProgressDialog.h">
      <Filter>Header Files</Filter>
    </ClInclude>
    <ClInclude Include="resource.h">
      <Filter>Header Files</Filter>
    </ClInclude>
    <ClInclude Include="StdAfx.h">
      <Filter>Header Files</Filter>
    </ClInclude>
  </ItemGroup>
  <ItemGroup>
    <None Include="idr_data.ico">
      <Filter>Resource Files</Filter>
    </None>
  </ItemGroup>
  <ItemGroup>
    <ResourceCompile Include="Burner.rc">
      <Filter>Resource Files</Filter>
    </ResourceCompile>
  </ItemGroup>
</Project>