<?xml version="1.0" encoding="utf-8"?>
<Project ToolsVersion="4.0" xmlns="http://schemas.microsoft.com/developer/msbuild/2003">
  <ItemGroup>
    <Filter Include="Source Files">
      <UniqueIdentifier>{75fbbad4-57b4-4edc-9c4c-42a64eec5bc0}</UniqueIdentifier>
      <Extensions>cpp;c;cxx;rc;def;r;odl;idl;hpj;bat</Extensions>
    </Filter>
    <Filter Include="Header Files">
      <UniqueIdentifier>{1911e7c0-b4ba-4137-b0f2-96b69f70eb32}</UniqueIdentifier>
      <Extensions>h;hpp;hxx;hm;inl</Extensions>
    </Filter>
    <Filter Include="Resource Files">
      <UniqueIdentifier>{ee39f7fa-32dc-4766-b52d-d4496544deda}</UniqueIdentifier>
      <Extensions>ico;cur;bmp;dlg;rc2;rct;bin;rgs;gif;jpg;jpeg;jpe</Extensions>
    </Filter>
  </ItemGroup>
  <ItemGroup>
    <ClCompile Include="Burner.cpp">
      <Filter>Source Files</Filter>
    </ClCompile>
    <ClCompile Include="BurnerApp.cpp">
      <Filter>Source Files</Filter>
    </ClCompile>
    <ClCompile Include="BurnerDialog.cpp">
      <Filter>Source Files</Filter>
    </ClCompile>
    <ClCompile Include="ProgressDialog.cpp">
      <Filter>Source Files</Filter>
    </ClCompile>
    <ClCompile Include="StdAfx.cpp">
      <Filter>Source Files</Filter>
    </ClCompile>
  </ItemGroup>
  <ItemGroup>
    <ClInclude Include="Burner.h">
      <Filter>Header Files</Filter>
    </ClInclude>
    <ClInclude Include="BurnerApp.h">
      <Filter>Header Files</Filter>
    </ClInclude>
    <ClInclude Include="BurnerCallback.h">
      <Filter>Header Files</Filter>
    </ClInclude>
    <ClInclude Include="BurnerDialog.h">
      <Filter>Header Files</Filter>
    </ClInclude>
    <ClInclude Include="BurnerException.h">
      <Filter>Header Files</Filter>
    </ClInclude>
    <ClInclude Include="BurnerSettings.h">
      <Filter>Header Files</Filter>
    </ClInclude>
    <ClInclude Include="ProgressDialog.h">
      <Filter>Header Files</Filter>
    </ClInclude>
    <ClInclude Include="Resource.h">
      <Filter>Header Files</Filter>
    </ClInclude>
    <ClInclude Include="StdAfx.h">
      <Filter>Header Files</Filter>
    </ClInclude>
  </ItemGroup>
  <ItemGroup>
    <ResourceCompile Include="Burner.rc">
      <Filter>Resource Files</Filter>
    </ResourceCompile>
  </ItemGroup>
</Project>