<?xml version="1.0" encoding="utf-8"?>
<Project ToolsVersion="4.0" xmlns="http://schemas.microsoft.com/developer/msbuild/2003">
  <ItemGroup>
    <Filter Include="Source Files">
      <UniqueIdentifier>{d7771b2d-3c04-4e9e-9385-7b6bb35723d2}</UniqueIdentifier>
      <Extensions>cpp;c;cxx;rc;def;r;odl;idl;hpj;bat</Extensions>
    </Filter>
    <Filter Include="Header Files">
      <UniqueIdentifier>{11e19a95-ae69-410f-8bd6-75dcd62726d6}</UniqueIdentifier>
      <Extensions>h;hpp;hxx;hm;inl</Extensions>
    </Filter>
    <Filter Include="Resource Files">
      <UniqueIdentifier>{7b1cb2ac-5e0c-4be5-bdc9-fc15f1717910}</UniqueIdentifier>
      <Extensions>ico;cur;bmp;dlg;rc2;rct;bin;rgs;gif;jpg;jpeg;jpe</Extensions>
    </Filter>
  </ItemGroup>
  <ItemGroup>
    <ClCompile Include="Burner.cpp">
      <Filter>Source Files</Filter>
    </ClCompile>
    <ClCompile Include="BurnerApp.cpp">
      <Filter>Source Files</Filter>
    </ClCompile>
    <ClCompile Include="BurnerDialog.cpp">
      <Filter>Source Files</Filter>
    </ClCompile>
    <ClCompile Include="NewDiscWaitDlg.cpp">
      <Filter>Source Files</Filter>
    </ClCompile>
    <ClCompile Include="ProgressDialog.cpp">
      <Filter>Source Files</Filter>
    </ClCompile>
    <ClCompile Include="StdAfx.cpp">
      <Filter>Source Files</Filter>
    </ClCompile>
  </ItemGroup>
  <ItemGroup>
    <ClInclude Include="Burner.h">
      <Filter>Header Files</Filter>
    </ClInclude>
    <ClInclude Include="BurnerApp.h">
      <Filter>Header Files</Filter>
    </ClInclude>
    <ClInclude Include="BurnerCallback.h">
      <Filter>Header Files</Filter>
    </ClInclude>
    <ClInclude Include="BurnerDialog.h">
      <Filter>Header Files</Filter>
    </ClInclude>
    <ClInclude Include="BurnerException.h">
      <Filter>Header Files</Filter>
    </ClInclude>
    <ClInclude Include="BurnerSettings.h">
      <Filter>Header Files</Filter>
    </ClInclude>
    <ClInclude Include="NewDiscWaitDlg.h">
      <Filter>Header Files</Filter>
    </ClInclude>
    <ClInclude Include="ProgressDialog.h">
      <Filter>Header Files</Filter>
    </ClInclude>
    <ClInclude Include="Resource.h">
      <Filter>Header Files</Filter>
    </ClInclude>
    <ClInclude Include="StdAfx.h">
      <Filter>Header Files</Filter>
    </ClInclude>
  </ItemGroup>
  <ItemGroup>
    <ResourceCompile Include="Burner.rc">
      <Filter>Resource Files</Filter>
    </ResourceCompile>
  </ItemGroup>
</Project>