<?xml version="1.0" encoding="utf-8"?>
<Project ToolsVersion="4.0" xmlns="http://schemas.microsoft.com/developer/msbuild/2003">
  <ItemGroup>
    <Filter Include="Source Files">
      <UniqueIdentifier>{09ea9fd2-5904-4e6a-af0c-bcf59552ff9d}</UniqueIdentifier>
      <Extensions>cpp;c;cxx;rc;def;r;odl;idl;hpj;bat</Extensions>
    </Filter>
    <Filter Include="Header Files">
      <UniqueIdentifier>{13dd9415-a162-4a0a-9f34-5b2d22a3867d}</UniqueIdentifier>
      <Extensions>h;hpp;hxx;hm;inl</Extensions>
    </Filter>
    <Filter Include="Resource Files">
      <UniqueIdentifier>{7ba1b6d8-27d3-4cea-9400-20df5cad548a}</UniqueIdentifier>
      <Extensions>ico;cur;bmp;dlg;rc2;rct;bin;rgs;gif;jpg;jpeg;jpe</Extensions>
    </Filter>
  </ItemGroup>
  <ItemGroup>
    <ClCompile Include="Burner.cpp">
      <Filter>Source Files</Filter>
    </ClCompile>
    <ClCompile Include="BurnerApp.cpp">
      <Filter>Source Files</Filter>
    </ClCompile>
    <ClCompile Include="BurnerDialog.cpp">
      <Filter>Source Files</Filter>
    </ClCompile>
    <ClCompile Include="CDTextDialog.cpp">
      <Filter>Source Files</Filter>
    </ClCompile>
    <ClCompile Include="ProgressDialog.cpp">
      <Filter>Source Files</Filter>
    </ClCompile>
    <ClCompile Include="StdAfx.cpp">
      <Filter>Source Files</Filter>
    </ClCompile>
  </ItemGroup>
  <ItemGroup>
    <ClInclude Include="Burner.h">
      <Filter>Header Files</Filter>
    </ClInclude>
    <ClInclude Include="BurnerApp.h">
      <Filter>Header Files</Filter>
    </ClInclude>
    <ClInclude Include="BurnerDialog.h">
      <Filter>Header Files</Filter>
    </ClInclude>
    <ClInclude Include="BurnerException.h">
      <Filter>Header Files</Filter>
    </ClInclude>
    <ClInclude Include="BurnerSettings.h">
      <Filter>Header Files</Filter>
    </ClInclude>
    <ClInclude Include="CDTextDialog.h">
      <Filter>Header Files</Filter>
    </ClInclude>
    <ClInclude Include="FileAudioStream.h">
      <Filter>Header Files</Filter>
    </ClInclude>
    <ClInclude Include="ProgressDialog.h">
      <Filter>Header Files</Filter>
    </ClInclude>
    <ClInclude Include="Resource.h">
      <Filter>Header Files</Filter>
    </ClInclude>
    <ClInclude Include="StdAfx.h">
      <Filter>Header Files</Filter>
    </ClInclude>
  </ItemGroup>
  <ItemGroup>
    <None Include="idr_audio.ico">
      <Filter>Resource Files</Filter>
    </None>
  </ItemGroup>
  <ItemGroup>
    <ResourceCompile Include="Burner.rc">
      <Filter>Resource Files</Filter>
    </ResourceCompile>
  </ItemGroup>
</Project>